
Microsoft Visual Studio Solution File, Format Version 11.00
# Visual Studio 2010
Project("{FAE04EC0-301F-11D3-BF4B-00C04F79EFBC}") = "Assembly-CSharp", "Assembly-CSharp.csproj", "{E0E3E1C3-258C-8F0D-31D9-5284CCD2D008}"
EndProject
Project("{FAE04EC0-301F-11D3-BF4B-00C04F79EFBC}") = "GoogleMobileAds", "GoogleMobileAds.csproj", "{67C1F74F-87E2-D2E9-BE46-902A4FFF0E1F}"
EndProject
Project("{FAE04EC0-301F-11D3-BF4B-00C04F79EFBC}") = "Assembly-CSharp-firstpass", "Assembly-CSharp-firstpass.csproj", "{D74A7ED5-2657-25F3-E5CD-62C3F241F97E}"
EndProject
Project("{FAE04EC0-301F-11D3-BF4B-00C04F79EFBC}") = "GoogleMobileAds.Editor", "GoogleMobileAds.Editor.csproj", "{467ABC26-E413-9ACF-68A6-4CB5BD234E24}"
EndProject
Project("{FAE04EC0-301F-11D3-BF4B-00C04F79EFBC}") = "Assembly-CSharp-Editor", "Assembly-CSharp-Editor.csproj", "{642F1542-8578-6A09-2095-D5F6E7C15590}"
EndProject
Global
	GlobalSection(SolutionConfigurationPlatforms) = preSolution
		Debug|Any CPU = Debug|Any CPU
		Release|Any CPU = Release|Any CPU
	EndGlobalSection
	GlobalSection(ProjectConfigurationPlatforms) = postSolution
		{E0E3E1C3-258C-8F0D-31D9-5284CCD2D008}.Debug|Any CPU.ActiveCfg = Debug|Any CPU
		{E0E3E1C3-258C-8F0D-31D9-5284CCD2D008}.Debug|Any CPU.Build.0 = Debug|Any CPU
		{E0E3E1C3-258C-8F0D-31D9-5284CCD2D008}.Release|Any CPU.ActiveCfg = Release|Any CPU
		{E0E3E1C3-258C-8F0D-31D9-5284CCD2D008}.Release|Any CPU.Build.0 = Release|Any CPU
		{67C1F74F-87E2-D2E9-BE46-902A4FFF0E1F}.Debug|Any CPU.ActiveCfg = Debug|Any CPU
		{67C1F74F-87E2-D2E9-BE46-902A4FFF0E1F}.Debug|Any CPU.Build.0 = Debug|Any CPU
		{67C1F74F-87E2-D2E9-BE46-902A4FFF0E1F}.Release|Any CPU.ActiveCfg = Release|Any CPU
		{67C1F74F-87E2-D2E9-BE46-902A4FFF0E1F}.Release|Any CPU.Build.0 = Release|Any CPU
		{D74A7ED5-2657-25F3-E5CD-62C3F241F97E}.Debug|Any CPU.ActiveCfg = Debug|Any CPU
		{D74A7ED5-2657-25F3-E5CD-62C3F241F97E}.Debug|Any CPU.Build.0 = Debug|Any CPU
		{D74A7ED5-2657-25F3-E5CD-62C3F241F97E}.Release|Any CPU.ActiveCfg = Release|Any CPU
		{D74A7ED5-2657-25F3-E5CD-62C3F241F97E}.Release|Any CPU.Build.0 = Release|Any CPU
		{467ABC26-E413-9ACF-68A6-4CB5BD234E24}.Debug|Any CPU.ActiveCfg = Debug|Any CPU
		{467ABC26-E413-9ACF-68A6-4CB5BD234E24}.Debug|Any CPU.Build.0 = Debug|Any CPU
		{467ABC26-E413-9ACF-68A6-4CB5BD234E24}.Release|Any CPU.ActiveCfg = Release|Any CPU
		{467ABC26-E413-9ACF-68A6-4CB5BD234E24}.Release|Any CPU.Build.0 = Release|Any CPU
		{642F1542-8578-6A09-2095-D5F6E7C15590}.Debug|Any CPU.ActiveCfg = Debug|Any CPU
		{642F1542-8578-6A09-2095-D5F6E7C15590}.Debug|Any CPU.Build.0 = Debug|Any CPU
		{642F1542-8578-6A09-2095-D5F6E7C15590}.Release|Any CPU.ActiveCfg = Release|Any CPU
		{642F1542-8578-6A09-2095-D5F6E7C15590}.Release|Any CPU.Build.0 = Release|Any CPU
	EndGlobalSection
	GlobalSection(SolutionProperties) = preSolution
		HideSolutionNode = FALSE
	EndGlobalSection
EndGlobal
